
Microsoft Visual Studio Solution File, Format Version 12.00
# Visual Studio Version 17
VisualStudioVersion = 17.14.36429.23
MinimumVisualStudioVersion = 10.0.40219.1
Project("{FAE04EC0-301F-11D3-BF4B-00C04F79EFBC}") = "ME.SuperHero.API", "ME.SuperHero.API\ME.SuperHero.API.csproj", "{76C90C45-C09A-4D33-A127-A09CD67F7FCE}"
EndProject
Project("{2150E333-8FDC-42A3-9474-1A3956D46DE8}") = "API", "API", "{02EA681E-C7D8-13C7-8484-4AC65E1B71E8}"
EndProject
Project("{2150E333-8FDC-42A3-9474-1A3956D46DE8}") = "Application", "Application", "{4D7C87DA-7975-4BFD-9992-9685F01675CC}"
EndProject
Project("{2150E333-8FDC-42A3-9474-1A3956D46DE8}") = "Domain", "Domain", "{2EA883CE-C594-425F-9DC8-89CBE909E76A}"
EndProject
Project("{2150E333-8FDC-42A3-9474-1A3956D46DE8}") = "Infra", "Infra", "{D028B4EA-7F1C-4435-ABC4-C2CBD73BD6F8}"
EndProject
Project("{2150E333-8FDC-42A3-9474-1A3956D46DE8}") = "Tests", "Tests", "{BE8925A3-7166-4B60-86C3-FF7BF51B6FFE}"
EndProject
Project("{FAE04EC0-301F-11D3-BF4B-00C04F79EFBC}") = "ME.SuperHero.Domain", "ME.SuperHero.Domain\ME.SuperHero.Domain.csproj", "{93763B9F-3021-4739-8E5D-50488992C9EB}"
EndProject
Project("{FAE04EC0-301F-11D3-BF4B-00C04F79EFBC}") = "ME.SuperHero.Application", "ME.SuperHero.Application\ME.SuperHero.Application.csproj", "{080E0FB8-2C52-928C-A003-DCA7AB3BC936}"
EndProject
Global
	GlobalSection(SolutionConfigurationPlatforms) = preSolution
		Debug|Any CPU = Debug|Any CPU
		Release|Any CPU = Release|Any CPU
	EndGlobalSection
	GlobalSection(ProjectConfigurationPlatforms) = postSolution
		{76C90C45-C09A-4D33-A127-A09CD67F7FCE}.Debug|Any CPU.ActiveCfg = Debug|Any CPU
		{76C90C45-C09A-4D33-A127-A09CD67F7FCE}.Debug|Any CPU.Build.0 = Debug|Any CPU
		{76C90C45-C09A-4D33-A127-A09CD67F7FCE}.Release|Any CPU.ActiveCfg = Release|Any CPU
		{76C90C45-C09A-4D33-A127-A09CD67F7FCE}.Release|Any CPU.Build.0 = Release|Any CPU
		{93763B9F-3021-4739-8E5D-50488992C9EB}.Debug|Any CPU.ActiveCfg = Debug|Any CPU
		{93763B9F-3021-4739-8E5D-50488992C9EB}.Debug|Any CPU.Build.0 = Debug|Any CPU
		{93763B9F-3021-4739-8E5D-50488992C9EB}.Release|Any CPU.ActiveCfg = Release|Any CPU
		{93763B9F-3021-4739-8E5D-50488992C9EB}.Release|Any CPU.Build.0 = Release|Any CPU
		{080E0FB8-2C52-928C-A003-DCA7AB3BC936}.Debug|Any CPU.ActiveCfg = Debug|Any CPU
		{080E0FB8-2C52-928C-A003-DCA7AB3BC936}.Debug|Any CPU.Build.0 = Debug|Any CPU
		{080E0FB8-2C52-928C-A003-DCA7AB3BC936}.Release|Any CPU.ActiveCfg = Release|Any CPU
		{080E0FB8-2C52-928C-A003-DCA7AB3BC936}.Release|Any CPU.Build.0 = Release|Any CPU
	EndGlobalSection
	GlobalSection(SolutionProperties) = preSolution
		HideSolutionNode = FALSE
	EndGlobalSection
	GlobalSection(NestedProjects) = preSolution
		{76C90C45-C09A-4D33-A127-A09CD67F7FCE} = {02EA681E-C7D8-13C7-8484-4AC65E1B71E8}
		{93763B9F-3021-4739-8E5D-50488992C9EB} = {2EA883CE-C594-425F-9DC8-89CBE909E76A}
		{080E0FB8-2C52-928C-A003-DCA7AB3BC936} = {4D7C87DA-7975-4BFD-9992-9685F01675CC}
	EndGlobalSection
	GlobalSection(ExtensibilityGlobals) = postSolution
		SolutionGuid = {E641C6FD-7723-4B8B-B8AD-F281A067DC5B}
	EndGlobalSection
EndGlobal
